// !$*UTF8*$!
{
	archiveVersion = 1;
	classes = {
	};
	objectVersion = 50;
	objects = {

/* Begin PBXBuildFile section */
		C776173720E22264002F56EC /* libCodePush.a in Frameworks */ = {isa = PBXBuildFile; fileRef = C776172120E221BD002F56EC /* libCodePush.a */; };
		C776173820E22264002F56EC /* libRCTActionSheet.a in Frameworks */ = {isa = PBXBuildFile; fileRef = C77616C920E2205C002F56EC /* libRCTActionSheet.a */; };
		C776173920E22264002F56EC /* libRCTAnimation.a in Frameworks */ = {isa = PBXBuildFile; fileRef = C77616C120E2203C002F56EC /* libRCTAnimation.a */; };
		C776173A20E22264002F56EC /* libRCTBlob.a in Frameworks */ = {isa = PBXBuildFile; fileRef = C77616D020E22076002F56EC /* libRCTBlob.a */; };
		C776173B20E22264002F56EC /* libRCTGeolocation.a in Frameworks */ = {isa = PBXBuildFile; fileRef = C77616D820E220BB002F56EC /* libRCTGeolocation.a */; };
		C776173C20E22264002F56EC /* libRCTImage.a in Frameworks */ = {isa = PBXBuildFile; fileRef = C77616DF20E220D6002F56EC /* libRCTImage.a */; };
		C776173D20E22264002F56EC /* libRCTLinking.a in Frameworks */ = {isa = PBXBuildFile; fileRef = C77616E820E220FB002F56EC /* libRCTLinking.a */; };
		C776173E20E22264002F56EC /* libRCTNetwork.a in Frameworks */ = {isa = PBXBuildFile; fileRef = C77616F120E2211B002F56EC /* libRCTNetwork.a */; };
		C776173F20E22264002F56EC /* libRCTSettings.a in Frameworks */ = {isa = PBXBuildFile; fileRef = C77616FA20E22133002F56EC /* libRCTSettings.a */; };
		C776174020E22264002F56EC /* libRCTText.a in Frameworks */ = {isa = PBXBuildFile; fileRef = C776170320E22149002F56EC /* libRCTText.a */; };
		C776174120E22264002F56EC /* libRCTVibration.a in Frameworks */ = {isa = PBXBuildFile; fileRef = C776170B20E2217B002F56EC /* libRCTVibration.a */; };
		C776174220E22264002F56EC /* libRCTWebSocket.a in Frameworks */ = {isa = PBXBuildFile; fileRef = C776171420E2219E002F56EC /* libRCTWebSocket.a */; };
		C776174320E22264002F56EC /* libReact.a in Frameworks */ = {isa = PBXBuildFile; fileRef = C776169C20E21F9A002F56EC /* libReact.a */; };
		C776174420E22264002F56EC /* libRNDeviceInfo.a in Frameworks */ = {isa = PBXBuildFile; fileRef = C776173420E221E8002F56EC /* libRNDeviceInfo.a */; };
		C776174520E22264002F56EC /* libRNSVG.a in Frameworks */ = {isa = PBXBuildFile; fileRef = C776172B20E221D4002F56EC /* libRNSVG.a */; };
		C7A13E82208091180063BC6F /* AppDelegate.m in Sources */ = {isa = PBXBuildFile; fileRef = C7A13E81208091180063BC6F /* AppDelegate.m */; };
		C7A13E8B208091180063BC6F /* Main.storyboard in Resources */ = {isa = PBXBuildFile; fileRef = C7A13E89208091180063BC6F /* Main.storyboard */; };
		C7A13E8D208091190063BC6F /* Assets.xcassets in Resources */ = {isa = PBXBuildFile; fileRef = C7A13E8C208091190063BC6F /* Assets.xcassets */; };
		C7A13E90208091190063BC6F /* LaunchScreen.storyboard in Resources */ = {isa = PBXBuildFile; fileRef = C7A13E8E208091190063BC6F /* LaunchScreen.storyboard */; };
		C7A13E93208091190063BC6F /* main.m in Sources */ = {isa = PBXBuildFile; fileRef = C7A13E92208091190063BC6F /* main.m */; };
		C7A13F572080D5B30063BC6F /* BuyTicketViewController.m in Sources */ = {isa = PBXBuildFile; fileRef = C7A13F562080D5B30063BC6F /* BuyTicketViewController.m */; };
		C7A13F5A2080D60D0063BC6F /* OwnTicketsViewController.m in Sources */ = {isa = PBXBuildFile; fileRef = C7A13F592080D60D0063BC6F /* OwnTicketsViewController.m */; };
		C7A13F662080DD150063BC6F /* libz.tbd in Frameworks */ = {isa = PBXBuildFile; fileRef = C7A13F652080DD150063BC6F /* libz.tbd */; };
		C7A13F8F2084BED90063BC6F /* main.jsbundle in Resources */ = {isa = PBXBuildFile; fileRef = C7A13F8E2084BED90063BC6F /* main.jsbundle */; };
/* End PBXBuildFile section */

/* Begin PBXContainerItemProxy section */
		C776169B20E21F9A002F56EC /* PBXContainerItemProxy */ = {
			isa = PBXContainerItemProxy;
			containerPortal = C776168820E21F99002F56EC /* React.xcodeproj */;
			proxyType = 2;
			remoteGlobalIDString = 83CBBA2E1A601D0E00E9B192;
			remoteInfo = React;
		};
		C776169D20E21F9A002F56EC /* PBXContainerItemProxy */ = {
			isa = PBXContainerItemProxy;
			containerPortal = C776168820E21F99002F56EC /* React.xcodeproj */;
			proxyType = 2;
			remoteGlobalIDString = 2D2A28131D9B038B00D4039D;
			remoteInfo = "React-tvOS";
		};
		C776169F20E21F9A002F56EC /* PBXContainerItemProxy */ = {
			isa = PBXContainerItemProxy;
			containerPortal = C776168820E21F99002F56EC /* React.xcodeproj */;
			proxyType = 2;
			remoteGlobalIDString = 3D3C059A1DE3340900C268FA;
			remoteInfo = yoga;
		};
		C77616A120E21F9A002F56EC /* PBXContainerItemProxy */ = {
			isa = PBXContainerItemProxy;
			containerPortal = C776168820E21F99002F56EC /* React.xcodeproj */;
			proxyType = 2;
			remoteGlobalIDString = 3D3C06751DE3340C00C268FA;
			remoteInfo = "yoga-tvOS";
		};
		C77616A320E21F9A002F56EC /* PBXContainerItemProxy */ = {
			isa = PBXContainerItemProxy;
			containerPortal = C776168820E21F99002F56EC /* React.xcodeproj */;
			proxyType = 2;
			remoteGlobalIDString = 3D3CD9251DE5FBEC00167DC4;
			remoteInfo = cxxreact;
		};
		C77616A520E21F9A002F56EC /* PBXContainerItemProxy */ = {
			isa = PBXContainerItemProxy;
			containerPortal = C776168820E21F99002F56EC /* React.xcodeproj */;
			proxyType = 2;
			remoteGlobalIDString = 3D3CD9321DE5FBEE00167DC4;
			remoteInfo = "cxxreact-tvOS";
		};
		C77616A720E21F9A002F56EC /* PBXContainerItemProxy */ = {
			isa = PBXContainerItemProxy;
			containerPortal = C776168820E21F99002F56EC /* React.xcodeproj */;
			proxyType = 2;
			remoteGlobalIDString = 3D3CD90B1DE5FBD600167DC4;
			remoteInfo = jschelpers;
		};
		C77616A920E21F9A002F56EC /* PBXContainerItemProxy */ = {
			isa = PBXContainerItemProxy;
			containerPortal = C776168820E21F99002F56EC /* React.xcodeproj */;
			proxyType = 2;
			remoteGlobalIDString = 3D3CD9181DE5FBD800167DC4;
			remoteInfo = "jschelpers-tvOS";
		};
		C77616AB20E21F9A002F56EC /* PBXContainerItemProxy */ = {
			isa = PBXContainerItemProxy;
			containerPortal = C776168820E21F99002F56EC /* React.xcodeproj */;
			proxyType = 2;
			remoteGlobalIDString = EBF21BDC1FC498900052F4D5;
			remoteInfo = jsinspector;
		};
		C77616AD20E21F9A002F56EC /* PBXContainerItemProxy */ = {
			isa = PBXContainerItemProxy;
			containerPortal = C776168820E21F99002F56EC /* React.xcodeproj */;
			proxyType = 2;
			remoteGlobalIDString = EBF21BFA1FC4989A0052F4D5;
			remoteInfo = "jsinspector-tvOS";
		};
		C77616AF20E21F9A002F56EC /* PBXContainerItemProxy */ = {
			isa = PBXContainerItemProxy;
			containerPortal = C776168820E21F99002F56EC /* React.xcodeproj */;
			proxyType = 2;
			remoteGlobalIDString = 139D7ECE1E25DB7D00323FB7;
			remoteInfo = "third-party";
		};
		C77616B120E21F9A002F56EC /* PBXContainerItemProxy */ = {
			isa = PBXContainerItemProxy;
			containerPortal = C776168820E21F99002F56EC /* React.xcodeproj */;
			proxyType = 2;
			remoteGlobalIDString = 3D383D3C1EBD27B6005632C8;
			remoteInfo = "third-party-tvOS";
		};
		C77616B320E21F9A002F56EC /* PBXContainerItemProxy */ = {
			isa = PBXContainerItemProxy;
			containerPortal = C776168820E21F99002F56EC /* React.xcodeproj */;
			proxyType = 2;
			remoteGlobalIDString = 139D7E881E25C6D100323FB7;
			remoteInfo = "double-conversion";
		};
		C77616B520E21F9A002F56EC /* PBXContainerItemProxy */ = {
			isa = PBXContainerItemProxy;
			containerPortal = C776168820E21F99002F56EC /* React.xcodeproj */;
			proxyType = 2;
			remoteGlobalIDString = 3D383D621EBD27B9005632C8;
			remoteInfo = "double-conversion-tvOS";
		};
		C77616B720E21F9A002F56EC /* PBXContainerItemProxy */ = {
			isa = PBXContainerItemProxy;
			containerPortal = C776168820E21F99002F56EC /* React.xcodeproj */;
			proxyType = 2;
			remoteGlobalIDString = 9936F3131F5F2E4B0010BF04;
			remoteInfo = privatedata;
		};
		C77616B920E21F9A002F56EC /* PBXContainerItemProxy */ = {
			isa = PBXContainerItemProxy;
			containerPortal = C776168820E21F99002F56EC /* React.xcodeproj */;
			proxyType = 2;
			remoteGlobalIDString = 9936F32F1F5F2E5B0010BF04;
			remoteInfo = "privatedata-tvOS";
		};
		C77616C020E2203C002F56EC /* PBXContainerItemProxy */ = {
			isa = PBXContainerItemProxy;
			containerPortal = C77616BB20E2203B002F56EC /* RCTAnimation.xcodeproj */;
			proxyType = 2;
			remoteGlobalIDString = 134814201AA4EA6300B7C361;
			remoteInfo = RCTAnimation;
		};
		C77616C220E2203C002F56EC /* PBXContainerItemProxy */ = {
			isa = PBXContainerItemProxy;
			containerPortal = C77616BB20E2203B002F56EC /* RCTAnimation.xcodeproj */;
			proxyType = 2;
			remoteGlobalIDString = 2D2A28201D9B03D100D4039D;
			remoteInfo = "RCTAnimation-tvOS";
		};
		C77616C820E2205C002F56EC /* PBXContainerItemProxy */ = {
			isa = PBXContainerItemProxy;
			containerPortal = C77616C420E2205C002F56EC /* RCTActionSheet.xcodeproj */;
			proxyType = 2;
			remoteGlobalIDString = 134814201AA4EA6300B7C361;
			remoteInfo = RCTActionSheet;
		};
		C77616CF20E22076002F56EC /* PBXContainerItemProxy */ = {
			isa = PBXContainerItemProxy;
			containerPortal = C77616CA20E22076002F56EC /* RCTBlob.xcodeproj */;
			proxyType = 2;
			remoteGlobalIDString = 358F4ED71D1E81A9004DF814;
			remoteInfo = RCTBlob;
		};
		C77616D120E22076002F56EC /* PBXContainerItemProxy */ = {
			isa = PBXContainerItemProxy;
			containerPortal = C77616CA20E22076002F56EC /* RCTBlob.xcodeproj */;
			proxyType = 2;
			remoteGlobalIDString = ADD01A681E09402E00F6D226;
			remoteInfo = "RCTBlob-tvOS";
		};
		C77616D720E220BB002F56EC /* PBXContainerItemProxy */ = {
			isa = PBXContainerItemProxy;
			containerPortal = C77616D320E220BB002F56EC /* RCTGeolocation.xcodeproj */;
			proxyType = 2;
			remoteGlobalIDString = 134814201AA4EA6300B7C361;
			remoteInfo = RCTGeolocation;
		};
		C77616DE20E220D6002F56EC /* PBXContainerItemProxy */ = {
			isa = PBXContainerItemProxy;
			containerPortal = C77616D920E220D6002F56EC /* RCTImage.xcodeproj */;
			proxyType = 2;
			remoteGlobalIDString = 58B5115D1A9E6B3D00147676;
			remoteInfo = RCTImage;
		};
		C77616E020E220D6002F56EC /* PBXContainerItemProxy */ = {
			isa = PBXContainerItemProxy;
			containerPortal = C77616D920E220D6002F56EC /* RCTImage.xcodeproj */;
			proxyType = 2;
			remoteGlobalIDString = 2D2A283A1D9B042B00D4039D;
			remoteInfo = "RCTImage-tvOS";
		};
		C77616E720E220FB002F56EC /* PBXContainerItemProxy */ = {
			isa = PBXContainerItemProxy;
			containerPortal = C77616E220E220FB002F56EC /* RCTLinking.xcodeproj */;
			proxyType = 2;
			remoteGlobalIDString = 134814201AA4EA6300B7C361;
			remoteInfo = RCTLinking;
		};
		C77616E920E220FB002F56EC /* PBXContainerItemProxy */ = {
			isa = PBXContainerItemProxy;
			containerPortal = C77616E220E220FB002F56EC /* RCTLinking.xcodeproj */;
			proxyType = 2;
			remoteGlobalIDString = 2D2A28471D9B043800D4039D;
			remoteInfo = "RCTLinking-tvOS";
		};
		C77616F020E2211B002F56EC /* PBXContainerItemProxy */ = {
			isa = PBXContainerItemProxy;
			containerPortal = C77616EB20E2211B002F56EC /* RCTNetwork.xcodeproj */;
			proxyType = 2;
			remoteGlobalIDString = 58B511DB1A9E6C8500147676;
			remoteInfo = RCTNetwork;
		};
		C77616F220E2211B002F56EC /* PBXContainerItemProxy */ = {
			isa = PBXContainerItemProxy;
			containerPortal = C77616EB20E2211B002F56EC /* RCTNetwork.xcodeproj */;
			proxyType = 2;
			remoteGlobalIDString = 2D2A28541D9B044C00D4039D;
			remoteInfo = "RCTNetwork-tvOS";
		};
		C77616F920E22133002F56EC /* PBXContainerItemProxy */ = {
			isa = PBXContainerItemProxy;
			containerPortal = C77616F420E22133002F56EC /* RCTSettings.xcodeproj */;
			proxyType = 2;
			remoteGlobalIDString = 134814201AA4EA6300B7C361;
			remoteInfo = RCTSettings;
		};
		C77616FB20E22133002F56EC /* PBXContainerItemProxy */ = {
			isa = PBXContainerItemProxy;
			containerPortal = C77616F420E22133002F56EC /* RCTSettings.xcodeproj */;
			proxyType = 2;
			remoteGlobalIDString = 2D2A28611D9B046600D4039D;
			remoteInfo = "RCTSettings-tvOS";
		};
		C776170220E22149002F56EC /* PBXContainerItemProxy */ = {
			isa = PBXContainerItemProxy;
			containerPortal = C77616FD20E22149002F56EC /* RCTText.xcodeproj */;
			proxyType = 2;
			remoteGlobalIDString = 58B5119B1A9E6C1200147676;
			remoteInfo = RCTText;
		};
		C776170420E22149002F56EC /* PBXContainerItemProxy */ = {
			isa = PBXContainerItemProxy;
			containerPortal = C77616FD20E22149002F56EC /* RCTText.xcodeproj */;
			proxyType = 2;
			remoteGlobalIDString = 2D2A287B1D9B048500D4039D;
			remoteInfo = "RCTText-tvOS";
		};
		C776170A20E2217B002F56EC /* PBXContainerItemProxy */ = {
			isa = PBXContainerItemProxy;
			containerPortal = C776170620E2217B002F56EC /* RCTVibration.xcodeproj */;
			proxyType = 2;
			remoteGlobalIDString = 832C81801AAF6DEF007FA2F7;
			remoteInfo = RCTVibration;
		};
		C776171320E2219E002F56EC /* PBXContainerItemProxy */ = {
			isa = PBXContainerItemProxy;
			containerPortal = C776170C20E2219E002F56EC /* RCTWebSocket.xcodeproj */;
			proxyType = 2;
			remoteGlobalIDString = 3C86DF461ADF2C930047B81A;
			remoteInfo = RCTWebSocket;
		};
		C776171520E2219E002F56EC /* PBXContainerItemProxy */ = {
			isa = PBXContainerItemProxy;
			containerPortal = C776170C20E2219E002F56EC /* RCTWebSocket.xcodeproj */;
			proxyType = 2;
			remoteGlobalIDString = 2D2A28881D9B049200D4039D;
			remoteInfo = "RCTWebSocket-tvOS";
		};
		C776171720E2219E002F56EC /* PBXContainerItemProxy */ = {
			isa = PBXContainerItemProxy;
			containerPortal = C776170C20E2219E002F56EC /* RCTWebSocket.xcodeproj */;
			proxyType = 2;
			remoteGlobalIDString = 3DBE0D001F3B181A0099AA32;
			remoteInfo = fishhook;
		};
		C776171920E2219E002F56EC /* PBXContainerItemProxy */ = {
			isa = PBXContainerItemProxy;
			containerPortal = C776170C20E2219E002F56EC /* RCTWebSocket.xcodeproj */;
			proxyType = 2;
			remoteGlobalIDString = 3DBE0D0D1F3B181C0099AA32;
			remoteInfo = "fishhook-tvOS";
		};
		C776172020E221BD002F56EC /* PBXContainerItemProxy */ = {
			isa = PBXContainerItemProxy;
			containerPortal = C776171B20E221BC002F56EC /* CodePush.xcodeproj */;
			proxyType = 2;
			remoteGlobalIDString = 134814201AA4EA6300B7C361;
			remoteInfo = CodePush;
		};
		C776172220E221BD002F56EC /* PBXContainerItemProxy */ = {
			isa = PBXContainerItemProxy;
			containerPortal = C776171B20E221BC002F56EC /* CodePush.xcodeproj */;
			proxyType = 2;
			remoteGlobalIDString = F886647B1F4ADB500036D01B;
			remoteInfo = "CodePush-tvOS";
		};
		C776172A20E221D4002F56EC /* PBXContainerItemProxy */ = {
			isa = PBXContainerItemProxy;
			containerPortal = C776172420E221D4002F56EC /* RNSVG.xcodeproj */;
			proxyType = 2;
			remoteGlobalIDString = 0CF68AC11AF0540F00FF9E5C;
			remoteInfo = RNSVG;
		};
		C776172C20E221D4002F56EC /* PBXContainerItemProxy */ = {
			isa = PBXContainerItemProxy;
			containerPortal = C776172420E221D4002F56EC /* RNSVG.xcodeproj */;
			proxyType = 2;
			remoteGlobalIDString = C776172720E221D4002F56EC;
			remoteInfo = "RNSVG-tvOS";
		};
		C776173320E221E8002F56EC /* PBXContainerItemProxy */ = {
			isa = PBXContainerItemProxy;
			containerPortal = C776172E20E221E8002F56EC /* RNDeviceInfo.xcodeproj */;
			proxyType = 2;
			remoteGlobalIDString = DA5891D81BA9A9FC002B4DB2;
			remoteInfo = RNDeviceInfo;
		};
		C776173520E221E8002F56EC /* PBXContainerItemProxy */ = {
			isa = PBXContainerItemProxy;
			containerPortal = C776172E20E221E8002F56EC /* RNDeviceInfo.xcodeproj */;
			proxyType = 2;
			remoteGlobalIDString = E72EC1401F7ABB5A0001BC90;
			remoteInfo = "RNDeviceInfo-tvOS";
		};
/* End PBXContainerItemProxy section */

/* Begin PBXFileReference section */
		C776168820E21F99002F56EC /* React.xcodeproj */ = {isa = PBXFileReference; lastKnownFileType = "wrapper.pb-project"; name = React.xcodeproj; path = "../../node_modules/react-native/React/React.xcodeproj"; sourceTree = "<group>"; };
		C77616BB20E2203B002F56EC /* RCTAnimation.xcodeproj */ = {isa = PBXFileReference; lastKnownFileType = "wrapper.pb-project"; name = RCTAnimation.xcodeproj; path = "../../node_modules/react-native/Libraries/NativeAnimation/RCTAnimation.xcodeproj"; sourceTree = "<group>"; };
		C77616C420E2205C002F56EC /* RCTActionSheet.xcodeproj */ = {isa = PBXFileReference; lastKnownFileType = "wrapper.pb-project"; name = RCTActionSheet.xcodeproj; path = "../../../react-native/node_modules/react-native/Libraries/ActionSheetIOS/RCTActionSheet.xcodeproj"; sourceTree = "<group>"; };
		C77616CA20E22076002F56EC /* RCTBlob.xcodeproj */ = {isa = PBXFileReference; lastKnownFileType = "wrapper.pb-project"; name = RCTBlob.xcodeproj; path = "../../node_modules/react-native/Libraries/Blob/RCTBlob.xcodeproj"; sourceTree = "<group>"; };
		C77616D320E220BB002F56EC /* RCTGeolocation.xcodeproj */ = {isa = PBXFileReference; lastKnownFileType = "wrapper.pb-project"; name = RCTGeolocation.xcodeproj; path = "../../node_modules/react-native/Libraries/Geolocation/RCTGeolocation.xcodeproj"; sourceTree = "<group>"; };
		C77616D920E220D6002F56EC /* RCTImage.xcodeproj */ = {isa = PBXFileReference; lastKnownFileType = "wrapper.pb-project"; name = RCTImage.xcodeproj; path = "../../node_modules/react-native/Libraries/Image/RCTImage.xcodeproj"; sourceTree = "<group>"; };
		C77616E220E220FB002F56EC /* RCTLinking.xcodeproj */ = {isa = PBXFileReference; lastKnownFileType = "wrapper.pb-project"; name = RCTLinking.xcodeproj; path = "../../node_modules/react-native/Libraries/LinkingIOS/RCTLinking.xcodeproj"; sourceTree = "<group>"; };
		C77616EB20E2211B002F56EC /* RCTNetwork.xcodeproj */ = {isa = PBXFileReference; lastKnownFileType = "wrapper.pb-project"; name = RCTNetwork.xcodeproj; path = "../../node_modules/react-native/Libraries/Network/RCTNetwork.xcodeproj"; sourceTree = "<group>"; };
		C77616F420E22133002F56EC /* RCTSettings.xcodeproj */ = {isa = PBXFileReference; lastKnownFileType = "wrapper.pb-project"; name = RCTSettings.xcodeproj; path = "../../node_modules/react-native/Libraries/Settings/RCTSettings.xcodeproj"; sourceTree = "<group>"; };
		C77616FD20E22149002F56EC /* RCTText.xcodeproj */ = {isa = PBXFileReference; lastKnownFileType = "wrapper.pb-project"; name = RCTText.xcodeproj; path = "../../node_modules/react-native/Libraries/Text/RCTText.xcodeproj"; sourceTree = "<group>"; };
		C776170620E2217B002F56EC /* RCTVibration.xcodeproj */ = {isa = PBXFileReference; lastKnownFileType = "wrapper.pb-project"; name = RCTVibration.xcodeproj; path = "../../node_modules/react-native/Libraries/Vibration/RCTVibration.xcodeproj"; sourceTree = "<group>"; };
		C776170C20E2219E002F56EC /* RCTWebSocket.xcodeproj */ = {isa = PBXFileReference; lastKnownFileType = "wrapper.pb-project"; name = RCTWebSocket.xcodeproj; path = "../../node_modules/react-native/Libraries/WebSocket/RCTWebSocket.xcodeproj"; sourceTree = "<group>"; };
		C776171B20E221BC002F56EC /* CodePush.xcodeproj */ = {isa = PBXFileReference; lastKnownFileType = "wrapper.pb-project"; name = CodePush.xcodeproj; path = "../../node_modules/react-native-code-push/ios/CodePush.xcodeproj"; sourceTree = "<group>"; };
		C776172420E221D4002F56EC /* RNSVG.xcodeproj */ = {isa = PBXFileReference; lastKnownFileType = "wrapper.pb-project"; name = RNSVG.xcodeproj; path = "../../node_modules/react-native-svg/ios/RNSVG.xcodeproj"; sourceTree = "<group>"; };
		C776172E20E221E8002F56EC /* RNDeviceInfo.xcodeproj */ = {isa = PBXFileReference; lastKnownFileType = "wrapper.pb-project"; name = RNDeviceInfo.xcodeproj; path = "../../node_modules/react-native-device-info/ios/RNDeviceInfo.xcodeproj"; sourceTree = "<group>"; };
		C7A13E7D208091170063BC6F /* example-app-ios.app */ = {isa = PBXFileReference; explicitFileType = wrapper.application; includeInIndex = 0; path = "example-app-ios.app"; sourceTree = BUILT_PRODUCTS_DIR; };
		C7A13E80208091170063BC6F /* AppDelegate.h */ = {isa = PBXFileReference; lastKnownFileType = sourcecode.c.h; path = AppDelegate.h; sourceTree = "<group>"; };
		C7A13E81208091180063BC6F /* AppDelegate.m */ = {isa = PBXFileReference; lastKnownFileType = sourcecode.c.objc; path = AppDelegate.m; sourceTree = "<group>"; };
		C7A13E8A208091180063BC6F /* Base */ = {isa = PBXFileReference; lastKnownFileType = file.storyboard; name = Base; path = Base.lproj/Main.storyboard; sourceTree = "<group>"; };
		C7A13E8C208091190063BC6F /* Assets.xcassets */ = {isa = PBXFileReference; lastKnownFileType = folder.assetcatalog; path = Assets.xcassets; sourceTree = "<group>"; };
		C7A13E8F208091190063BC6F /* Base */ = {isa = PBXFileReference; lastKnownFileType = file.storyboard; name = Base; path = Base.lproj/LaunchScreen.storyboard; sourceTree = "<group>"; };
		C7A13E91208091190063BC6F /* Info.plist */ = {isa = PBXFileReference; lastKnownFileType = text.plist.xml; path = Info.plist; sourceTree = "<group>"; };
		C7A13E92208091190063BC6F /* main.m */ = {isa = PBXFileReference; lastKnownFileType = sourcecode.c.objc; path = main.m; sourceTree = "<group>"; };
		C7A13F552080D5B30063BC6F /* BuyTicketViewController.h */ = {isa = PBXFileReference; lastKnownFileType = sourcecode.c.h; path = BuyTicketViewController.h; sourceTree = "<group>"; };
		C7A13F562080D5B30063BC6F /* BuyTicketViewController.m */ = {isa = PBXFileReference; lastKnownFileType = sourcecode.c.objc; path = BuyTicketViewController.m; sourceTree = "<group>"; };
		C7A13F582080D60D0063BC6F /* OwnTicketsViewController.h */ = {isa = PBXFileReference; lastKnownFileType = sourcecode.c.h; path = OwnTicketsViewController.h; sourceTree = "<group>"; };
		C7A13F592080D60D0063BC6F /* OwnTicketsViewController.m */ = {isa = PBXFileReference; lastKnownFileType = sourcecode.c.objc; path = OwnTicketsViewController.m; sourceTree = "<group>"; };
		C7A13F652080DD150063BC6F /* libz.tbd */ = {isa = PBXFileReference; lastKnownFileType = "sourcecode.text-based-dylib-definition"; name = libz.tbd; path = usr/lib/libz.tbd; sourceTree = SDKROOT; };
		C7A13F8E2084BED90063BC6F /* main.jsbundle */ = {isa = PBXFileReference; fileEncoding = 4; lastKnownFileType = text; path = main.jsbundle; sourceTree = "<group>"; };
/* End PBXFileReference section */

/* Begin PBXFrameworksBuildPhase section */
		C7A13E7A208091170063BC6F /* Frameworks */ = {
			isa = PBXFrameworksBuildPhase;
			buildActionMask = 2147483647;
			files = (
				C776174420E22264002F56EC /* libRNDeviceInfo.a in Frameworks */,
				C776174520E22264002F56EC /* libRNSVG.a in Frameworks */,
				C7A13F662080DD150063BC6F /* libz.tbd in Frameworks */,
				C776173720E22264002F56EC /* libCodePush.a in Frameworks */,
				C776173A20E22264002F56EC /* libRCTBlob.a in Frameworks */,
				C776173920E22264002F56EC /* libRCTAnimation.a in Frameworks */,
				C776174320E22264002F56EC /* libReact.a in Frameworks */,
				C776173820E22264002F56EC /* libRCTActionSheet.a in Frameworks */,
				C776173B20E22264002F56EC /* libRCTGeolocation.a in Frameworks */,
				C776173C20E22264002F56EC /* libRCTImage.a in Frameworks */,
				C776173D20E22264002F56EC /* libRCTLinking.a in Frameworks */,
				C776173E20E22264002F56EC /* libRCTNetwork.a in Frameworks */,
				C776173F20E22264002F56EC /* libRCTSettings.a in Frameworks */,
				C776174020E22264002F56EC /* libRCTText.a in Frameworks */,
				C776174120E22264002F56EC /* libRCTVibration.a in Frameworks */,
				C776174220E22264002F56EC /* libRCTWebSocket.a in Frameworks */,
			);
			runOnlyForDeploymentPostprocessing = 0;
		};
/* End PBXFrameworksBuildPhase section */

/* Begin PBXGroup section */
		C776168720E21F79002F56EC /* Libraries */ = {
			isa = PBXGroup;
			children = (
				C776172E20E221E8002F56EC /* RNDeviceInfo.xcodeproj */,
				C776172420E221D4002F56EC /* RNSVG.xcodeproj */,
				C776171B20E221BC002F56EC /* CodePush.xcodeproj */,
				C776170C20E2219E002F56EC /* RCTWebSocket.xcodeproj */,
				C776170620E2217B002F56EC /* RCTVibration.xcodeproj */,
				C77616FD20E22149002F56EC /* RCTText.xcodeproj */,
				C77616F420E22133002F56EC /* RCTSettings.xcodeproj */,
				C77616EB20E2211B002F56EC /* RCTNetwork.xcodeproj */,
				C77616E220E220FB002F56EC /* RCTLinking.xcodeproj */,
				C77616D920E220D6002F56EC /* RCTImage.xcodeproj */,
				C77616D320E220BB002F56EC /* RCTGeolocation.xcodeproj */,
				C77616CA20E22076002F56EC /* RCTBlob.xcodeproj */,
				C77616C420E2205C002F56EC /* RCTActionSheet.xcodeproj */,
				C77616BB20E2203B002F56EC /* RCTAnimation.xcodeproj */,
				C776168820E21F99002F56EC /* React.xcodeproj */,
			);
			path = Libraries;
			sourceTree = "<group>";
		};
		C776168920E21F99002F56EC /* Products */ = {
			isa = PBXGroup;
			children = (
				C776169C20E21F9A002F56EC /* libReact.a */,
				C776169E20E21F9A002F56EC /* libReact.a */,
				C77616A020E21F9A002F56EC /* libyoga.a */,
				C77616A220E21F9A002F56EC /* libyoga.a */,
				C77616A420E21F9A002F56EC /* libcxxreact.a */,
				C77616A620E21F9A002F56EC /* libcxxreact.a */,
				C77616A820E21F9A002F56EC /* libjschelpers.a */,
				C77616AA20E21F9A002F56EC /* libjschelpers.a */,
				C77616AC20E21F9A002F56EC /* libjsinspector.a */,
				C77616AE20E21F9A002F56EC /* libjsinspector-tvOS.a */,
				C77616B020E21F9A002F56EC /* libthird-party.a */,
				C77616B220E21F9A002F56EC /* libthird-party.a */,
				C77616B420E21F9A002F56EC /* libdouble-conversion.a */,
				C77616B620E21F9A002F56EC /* libdouble-conversion.a */,
				C77616B820E21F9A002F56EC /* libprivatedata.a */,
				C77616BA20E21F9A002F56EC /* libprivatedata-tvOS.a */,
			);
			name = Products;
			sourceTree = "<group>";
		};
		C77616BC20E2203B002F56EC /* Products */ = {
			isa = PBXGroup;
			children = (
				C77616C120E2203C002F56EC /* libRCTAnimation.a */,
				C77616C320E2203C002F56EC /* libRCTAnimation.a */,
			);
			name = Products;
			sourceTree = "<group>";
		};
		C77616C520E2205C002F56EC /* Products */ = {
			isa = PBXGroup;
			children = (
				C77616C920E2205C002F56EC /* libRCTActionSheet.a */,
			);
			name = Products;
			sourceTree = "<group>";
		};
		C77616CB20E22076002F56EC /* Products */ = {
			isa = PBXGroup;
			children = (
				C77616D020E22076002F56EC /* libRCTBlob.a */,
				C77616D220E22076002F56EC /* libRCTBlob-tvOS.a */,
			);
			name = Products;
			sourceTree = "<group>";
		};
		C77616D420E220BB002F56EC /* Products */ = {
			isa = PBXGroup;
			children = (
				C77616D820E220BB002F56EC /* libRCTGeolocation.a */,
			);
			name = Products;
			sourceTree = "<group>";
		};
		C77616DA20E220D6002F56EC /* Products */ = {
			isa = PBXGroup;
			children = (
				C77616DF20E220D6002F56EC /* libRCTImage.a */,
				C77616E120E220D6002F56EC /* libRCTImage-tvOS.a */,
			);
			name = Products;
			sourceTree = "<group>";
		};
		C77616E320E220FB002F56EC /* Products */ = {
			isa = PBXGroup;
			children = (
				C77616E820E220FB002F56EC /* libRCTLinking.a */,
				C77616EA20E220FB002F56EC /* libRCTLinking-tvOS.a */,
			);
			name = Products;
			sourceTree = "<group>";
		};
		C77616EC20E2211B002F56EC /* Products */ = {
			isa = PBXGroup;
			children = (
				C77616F120E2211B002F56EC /* libRCTNetwork.a */,
				C77616F320E2211B002F56EC /* libRCTNetwork-tvOS.a */,
			);
			name = Products;
			sourceTree = "<group>";
		};
		C77616F520E22133002F56EC /* Products */ = {
			isa = PBXGroup;
			children = (
				C77616FA20E22133002F56EC /* libRCTSettings.a */,
				C77616FC20E22133002F56EC /* libRCTSettings-tvOS.a */,
			);
			name = Products;
			sourceTree = "<group>";
		};
		C77616FE20E22149002F56EC /* Products */ = {
			isa = PBXGroup;
			children = (
				C776170320E22149002F56EC /* libRCTText.a */,
				C776170520E22149002F56EC /* libRCTText-tvOS.a */,
			);
			name = Products;
			sourceTree = "<group>";
		};
		C776170720E2217B002F56EC /* Products */ = {
			isa = PBXGroup;
			children = (
				C776170B20E2217B002F56EC /* libRCTVibration.a */,
			);
			name = Products;
			sourceTree = "<group>";
		};
		C776170D20E2219E002F56EC /* Products */ = {
			isa = PBXGroup;
			children = (
				C776171420E2219E002F56EC /* libRCTWebSocket.a */,
				C776171620E2219E002F56EC /* libRCTWebSocket-tvOS.a */,
				C776171820E2219E002F56EC /* libfishhook.a */,
				C776171A20E2219E002F56EC /* libfishhook-tvOS.a */,
			);
			name = Products;
			sourceTree = "<group>";
		};
		C776171C20E221BC002F56EC /* Products */ = {
			isa = PBXGroup;
			children = (
				C776172120E221BD002F56EC /* libCodePush.a */,
				C776172320E221BD002F56EC /* libCodePush.a */,
			);
			name = Products;
			sourceTree = "<group>";
		};
		C776172520E221D4002F56EC /* Products */ = {
			isa = PBXGroup;
			children = (
				C776172B20E221D4002F56EC /* libRNSVG.a */,
				C776172D20E221D4002F56EC /* libRNSVG-tvOS.a */,
			);
			name = Products;
			sourceTree = "<group>";
		};
		C776172F20E221E8002F56EC /* Products */ = {
			isa = PBXGroup;
			children = (
				C776173420E221E8002F56EC /* libRNDeviceInfo.a */,
				C776173620E221E8002F56EC /* libRNDeviceInfo-tvOS.a */,
			);
			name = Products;
			sourceTree = "<group>";
		};
		C7A13E74208091170063BC6F = {
			isa = PBXGroup;
			children = (
				C776168720E21F79002F56EC /* Libraries */,
				C7A13E7F208091170063BC6F /* example-app-ios */,
				C7A13E7E208091170063BC6F /* Products */,
				C7A13F442080AA8F0063BC6F /* Frameworks */,
			);
			sourceTree = "<group>";
		};
		C7A13E7E208091170063BC6F /* Products */ = {
			isa = PBXGroup;
			children = (
				C7A13E7D208091170063BC6F /* example-app-ios.app */,
			);
			name = Products;
			sourceTree = "<group>";
		};
		C7A13E7F208091170063BC6F /* example-app-ios */ = {
			isa = PBXGroup;
			children = (
				C7A13F8E2084BED90063BC6F /* main.jsbundle */,
				C7A13E80208091170063BC6F /* AppDelegate.h */,
				C7A13E81208091180063BC6F /* AppDelegate.m */,
				C7A13E89208091180063BC6F /* Main.storyboard */,
				C7A13E8C208091190063BC6F /* Assets.xcassets */,
				C7A13E8E208091190063BC6F /* LaunchScreen.storyboard */,
				C7A13E91208091190063BC6F /* Info.plist */,
				C7A13E92208091190063BC6F /* main.m */,
				C7A13F552080D5B30063BC6F /* BuyTicketViewController.h */,
				C7A13F562080D5B30063BC6F /* BuyTicketViewController.m */,
				C7A13F582080D60D0063BC6F /* OwnTicketsViewController.h */,
				C7A13F592080D60D0063BC6F /* OwnTicketsViewController.m */,
			);
			path = "example-app-ios";
			sourceTree = "<group>";
		};
		C7A13F442080AA8F0063BC6F /* Frameworks */ = {
			isa = PBXGroup;
			children = (
				C7A13F652080DD150063BC6F /* libz.tbd */,
			);
			name = Frameworks;
			sourceTree = "<group>";
		};
/* End PBXGroup section */

/* Begin PBXNativeTarget section */
		C7A13E7C208091170063BC6F /* example-app-ios */ = {
			isa = PBXNativeTarget;
			buildConfigurationList = C7A13E96208091190063BC6F /* Build configuration list for PBXNativeTarget "example-app-ios" */;
			buildPhases = (
				C7A13E79208091170063BC6F /* Sources */,
				C7A13E7A208091170063BC6F /* Frameworks */,
				C7A13E7B208091170063BC6F /* Resources */,
				C7A13F542080B86E0063BC6F /* ShellScript */,
			);
			buildRules = (
			);
			dependencies = (
			);
			name = "example-app-ios";
			productName = "example-app-ios";
			productReference = C7A13E7D208091170063BC6F /* example-app-ios.app */;
			productType = "com.apple.product-type.application";
		};
/* End PBXNativeTarget section */

/* Begin PBXProject section */
		C7A13E75208091170063BC6F /* Project object */ = {
			isa = PBXProject;
			attributes = {
				LastUpgradeCheck = 0930;
				ORGANIZATIONNAME = "HSL Open MaaS";
				TargetAttributes = {
					C7A13E7C208091170063BC6F = {
						CreatedOnToolsVersion = 9.3;
					};
				};
			};
			buildConfigurationList = C7A13E78208091170063BC6F /* Build configuration list for PBXProject "example-app-ios" */;
			compatibilityVersion = "Xcode 9.3";
			developmentRegion = en;
			hasScannedForEncodings = 0;
			knownRegions = (
				en,
				Base,
			);
			mainGroup = C7A13E74208091170063BC6F;
			productRefGroup = C7A13E7E208091170063BC6F /* Products */;
			projectDirPath = "";
			projectReferences = (
				{
					ProductGroup = C776171C20E221BC002F56EC /* Products */;
					ProjectRef = C776171B20E221BC002F56EC /* CodePush.xcodeproj */;
				},
				{
					ProductGroup = C77616C520E2205C002F56EC /* Products */;
					ProjectRef = C77616C420E2205C002F56EC /* RCTActionSheet.xcodeproj */;
				},
				{
					ProductGroup = C77616BC20E2203B002F56EC /* Products */;
					ProjectRef = C77616BB20E2203B002F56EC /* RCTAnimation.xcodeproj */;
				},
				{
					ProductGroup = C77616CB20E22076002F56EC /* Products */;
					ProjectRef = C77616CA20E22076002F56EC /* RCTBlob.xcodeproj */;
				},
				{
					ProductGroup = C77616D420E220BB002F56EC /* Products */;
					ProjectRef = C77616D320E220BB002F56EC /* RCTGeolocation.xcodeproj */;
				},
				{
					ProductGroup = C77616DA20E220D6002F56EC /* Products */;
					ProjectRef = C77616D920E220D6002F56EC /* RCTImage.xcodeproj */;
				},
				{
					ProductGroup = C77616E320E220FB002F56EC /* Products */;
					ProjectRef = C77616E220E220FB002F56EC /* RCTLinking.xcodeproj */;
				},
				{
					ProductGroup = C77616EC20E2211B002F56EC /* Products */;
					ProjectRef = C77616EB20E2211B002F56EC /* RCTNetwork.xcodeproj */;
				},
				{
					ProductGroup = C77616F520E22133002F56EC /* Products */;
					ProjectRef = C77616F420E22133002F56EC /* RCTSettings.xcodeproj */;
				},
				{
					ProductGroup = C77616FE20E22149002F56EC /* Products */;
					ProjectRef = C77616FD20E22149002F56EC /* RCTText.xcodeproj */;
				},
				{
					ProductGroup = C776170720E2217B002F56EC /* Products */;
					ProjectRef = C776170620E2217B002F56EC /* RCTVibration.xcodeproj */;
				},
				{
					ProductGroup = C776170D20E2219E002F56EC /* Products */;
					ProjectRef = C776170C20E2219E002F56EC /* RCTWebSocket.xcodeproj */;
				},
				{
					ProductGroup = C776168920E21F99002F56EC /* Products */;
					ProjectRef = C776168820E21F99002F56EC /* React.xcodeproj */;
				},
				{
					ProductGroup = C776172F20E221E8002F56EC /* Products */;
					ProjectRef = C776172E20E221E8002F56EC /* RNDeviceInfo.xcodeproj */;
				},
				{
					ProductGroup = C776172520E221D4002F56EC /* Products */;
					ProjectRef = C776172420E221D4002F56EC /* RNSVG.xcodeproj */;
				},
			);
			projectRoot = "";
			targets = (
				C7A13E7C208091170063BC6F /* example-app-ios */,
			);
		};
/* End PBXProject section */

/* Begin PBXReferenceProxy section */
		C776169C20E21F9A002F56EC /* libReact.a */ = {
			isa = PBXReferenceProxy;
			fileType = archive.ar;
			path = libReact.a;
			remoteRef = C776169B20E21F9A002F56EC /* PBXContainerItemProxy */;
			sourceTree = BUILT_PRODUCTS_DIR;
		};
		C776169E20E21F9A002F56EC /* libReact.a */ = {
			isa = PBXReferenceProxy;
			fileType = archive.ar;
			path = libReact.a;
			remoteRef = C776169D20E21F9A002F56EC /* PBXContainerItemProxy */;
			sourceTree = BUILT_PRODUCTS_DIR;
		};
		C77616A020E21F9A002F56EC /* libyoga.a */ = {
			isa = PBXReferenceProxy;
			fileType = archive.ar;
			path = libyoga.a;
			remoteRef = C776169F20E21F9A002F56EC /* PBXContainerItemProxy */;
			sourceTree = BUILT_PRODUCTS_DIR;
		};
		C77616A220E21F9A002F56EC /* libyoga.a */ = {
			isa = PBXReferenceProxy;
			fileType = archive.ar;
			path = libyoga.a;
			remoteRef = C77616A120E21F9A002F56EC /* PBXContainerItemProxy */;
			sourceTree = BUILT_PRODUCTS_DIR;
		};
		C77616A420E21F9A002F56EC /* libcxxreact.a */ = {
			isa = PBXReferenceProxy;
			fileType = archive.ar;
			path = libcxxreact.a;
			remoteRef = C77616A320E21F9A002F56EC /* PBXContainerItemProxy */;
			sourceTree = BUILT_PRODUCTS_DIR;
		};
		C77616A620E21F9A002F56EC /* libcxxreact.a */ = {
			isa = PBXReferenceProxy;
			fileType = archive.ar;
			path = libcxxreact.a;
			remoteRef = C77616A520E21F9A002F56EC /* PBXContainerItemProxy */;
			sourceTree = BUILT_PRODUCTS_DIR;
		};
		C77616A820E21F9A002F56EC /* libjschelpers.a */ = {
			isa = PBXReferenceProxy;
			fileType = archive.ar;
			path = libjschelpers.a;
			remoteRef = C77616A720E21F9A002F56EC /* PBXContainerItemProxy */;
			sourceTree = BUILT_PRODUCTS_DIR;
		};
		C77616AA20E21F9A002F56EC /* libjschelpers.a */ = {
			isa = PBXReferenceProxy;
			fileType = archive.ar;
			path = libjschelpers.a;
			remoteRef = C77616A920E21F9A002F56EC /* PBXContainerItemProxy */;
			sourceTree = BUILT_PRODUCTS_DIR;
		};
		C77616AC20E21F9A002F56EC /* libjsinspector.a */ = {
			isa = PBXReferenceProxy;
			fileType = archive.ar;
			path = libjsinspector.a;
			remoteRef = C77616AB20E21F9A002F56EC /* PBXContainerItemProxy */;
			sourceTree = BUILT_PRODUCTS_DIR;
		};
		C77616AE20E21F9A002F56EC /* libjsinspector-tvOS.a */ = {
			isa = PBXReferenceProxy;
			fileType = archive.ar;
			path = "libjsinspector-tvOS.a";
			remoteRef = C77616AD20E21F9A002F56EC /* PBXContainerItemProxy */;
			sourceTree = BUILT_PRODUCTS_DIR;
		};
		C77616B020E21F9A002F56EC /* libthird-party.a */ = {
			isa = PBXReferenceProxy;
			fileType = archive.ar;
			path = "libthird-party.a";
			remoteRef = C77616AF20E21F9A002F56EC /* PBXContainerItemProxy */;
			sourceTree = BUILT_PRODUCTS_DIR;
		};
		C77616B220E21F9A002F56EC /* libthird-party.a */ = {
			isa = PBXReferenceProxy;
			fileType = archive.ar;
			path = "libthird-party.a";
			remoteRef = C77616B120E21F9A002F56EC /* PBXContainerItemProxy */;
			sourceTree = BUILT_PRODUCTS_DIR;
		};
		C77616B420E21F9A002F56EC /* libdouble-conversion.a */ = {
			isa = PBXReferenceProxy;
			fileType = archive.ar;
			path = "libdouble-conversion.a";
			remoteRef = C77616B320E21F9A002F56EC /* PBXContainerItemProxy */;
			sourceTree = BUILT_PRODUCTS_DIR;
		};
		C77616B620E21F9A002F56EC /* libdouble-conversion.a */ = {
			isa = PBXReferenceProxy;
			fileType = archive.ar;
			path = "libdouble-conversion.a";
			remoteRef = C77616B520E21F9A002F56EC /* PBXContainerItemProxy */;
			sourceTree = BUILT_PRODUCTS_DIR;
		};
		C77616B820E21F9A002F56EC /* libprivatedata.a */ = {
			isa = PBXReferenceProxy;
			fileType = archive.ar;
			path = libprivatedata.a;
			remoteRef = C77616B720E21F9A002F56EC /* PBXContainerItemProxy */;
			sourceTree = BUILT_PRODUCTS_DIR;
		};
		C77616BA20E21F9A002F56EC /* libprivatedata-tvOS.a */ = {
			isa = PBXReferenceProxy;
			fileType = archive.ar;
			path = "libprivatedata-tvOS.a";
			remoteRef = C77616B920E21F9A002F56EC /* PBXContainerItemProxy */;
			sourceTree = BUILT_PRODUCTS_DIR;
		};
		C77616C120E2203C002F56EC /* libRCTAnimation.a */ = {
			isa = PBXReferenceProxy;
			fileType = archive.ar;
			path = libRCTAnimation.a;
			remoteRef = C77616C020E2203C002F56EC /* PBXContainerItemProxy */;
			sourceTree = BUILT_PRODUCTS_DIR;
		};
		C77616C320E2203C002F56EC /* libRCTAnimation.a */ = {
			isa = PBXReferenceProxy;
			fileType = archive.ar;
			path = libRCTAnimation.a;
			remoteRef = C77616C220E2203C002F56EC /* PBXContainerItemProxy */;
			sourceTree = BUILT_PRODUCTS_DIR;
		};
		C77616C920E2205C002F56EC /* libRCTActionSheet.a */ = {
			isa = PBXReferenceProxy;
			fileType = archive.ar;
			path = libRCTActionSheet.a;
			remoteRef = C77616C820E2205C002F56EC /* PBXContainerItemProxy */;
			sourceTree = BUILT_PRODUCTS_DIR;
		};
		C77616D020E22076002F56EC /* libRCTBlob.a */ = {
			isa = PBXReferenceProxy;
			fileType = archive.ar;
			path = libRCTBlob.a;
			remoteRef = C77616CF20E22076002F56EC /* PBXContainerItemProxy */;
			sourceTree = BUILT_PRODUCTS_DIR;
		};
		C77616D220E22076002F56EC /* libRCTBlob-tvOS.a */ = {
			isa = PBXReferenceProxy;
			fileType = archive.ar;
			path = "libRCTBlob-tvOS.a";
			remoteRef = C77616D120E22076002F56EC /* PBXContainerItemProxy */;
			sourceTree = BUILT_PRODUCTS_DIR;
		};
		C77616D820E220BB002F56EC /* libRCTGeolocation.a */ = {
			isa = PBXReferenceProxy;
			fileType = archive.ar;
			path = libRCTGeolocation.a;
			remoteRef = C77616D720E220BB002F56EC /* PBXContainerItemProxy */;
			sourceTree = BUILT_PRODUCTS_DIR;
		};
		C77616DF20E220D6002F56EC /* libRCTImage.a */ = {
			isa = PBXReferenceProxy;
			fileType = archive.ar;
			path = libRCTImage.a;
			remoteRef = C77616DE20E220D6002F56EC /* PBXContainerItemProxy */;
			sourceTree = BUILT_PRODUCTS_DIR;
		};
		C77616E120E220D6002F56EC /* libRCTImage-tvOS.a */ = {
			isa = PBXReferenceProxy;
			fileType = archive.ar;
			path = "libRCTImage-tvOS.a";
			remoteRef = C77616E020E220D6002F56EC /* PBXContainerItemProxy */;
			sourceTree = BUILT_PRODUCTS_DIR;
		};
		C77616E820E220FB002F56EC /* libRCTLinking.a */ = {
			isa = PBXReferenceProxy;
			fileType = archive.ar;
			path = libRCTLinking.a;
			remoteRef = C77616E720E220FB002F56EC /* PBXContainerItemProxy */;
			sourceTree = BUILT_PRODUCTS_DIR;
		};
		C77616EA20E220FB002F56EC /* libRCTLinking-tvOS.a */ = {
			isa = PBXReferenceProxy;
			fileType = archive.ar;
			path = "libRCTLinking-tvOS.a";
			remoteRef = C77616E920E220FB002F56EC /* PBXContainerItemProxy */;
			sourceTree = BUILT_PRODUCTS_DIR;
		};
		C77616F120E2211B002F56EC /* libRCTNetwork.a */ = {
			isa = PBXReferenceProxy;
			fileType = archive.ar;
			path = libRCTNetwork.a;
			remoteRef = C77616F020E2211B002F56EC /* PBXContainerItemProxy */;
			sourceTree = BUILT_PRODUCTS_DIR;
		};
		C77616F320E2211B002F56EC /* libRCTNetwork-tvOS.a */ = {
			isa = PBXReferenceProxy;
			fileType = archive.ar;
			path = "libRCTNetwork-tvOS.a";
			remoteRef = C77616F220E2211B002F56EC /* PBXContainerItemProxy */;
			sourceTree = BUILT_PRODUCTS_DIR;
		};
		C77616FA20E22133002F56EC /* libRCTSettings.a */ = {
			isa = PBXReferenceProxy;
			fileType = archive.ar;
			path = libRCTSettings.a;
			remoteRef = C77616F920E22133002F56EC /* PBXContainerItemProxy */;
			sourceTree = BUILT_PRODUCTS_DIR;
		};
		C77616FC20E22133002F56EC /* libRCTSettings-tvOS.a */ = {
			isa = PBXReferenceProxy;
			fileType = archive.ar;
			path = "libRCTSettings-tvOS.a";
			remoteRef = C77616FB20E22133002F56EC /* PBXContainerItemProxy */;
			sourceTree = BUILT_PRODUCTS_DIR;
		};
		C776170320E22149002F56EC /* libRCTText.a */ = {
			isa = PBXReferenceProxy;
			fileType = archive.ar;
			path = libRCTText.a;
			remoteRef = C776170220E22149002F56EC /* PBXContainerItemProxy */;
			sourceTree = BUILT_PRODUCTS_DIR;
		};
		C776170520E22149002F56EC /* libRCTText-tvOS.a */ = {
			isa = PBXReferenceProxy;
			fileType = archive.ar;
			path = "libRCTText-tvOS.a";
			remoteRef = C776170420E22149002F56EC /* PBXContainerItemProxy */;
			sourceTree = BUILT_PRODUCTS_DIR;
		};
		C776170B20E2217B002F56EC /* libRCTVibration.a */ = {
			isa = PBXReferenceProxy;
			fileType = archive.ar;
			path = libRCTVibration.a;
			remoteRef = C776170A20E2217B002F56EC /* PBXContainerItemProxy */;
			sourceTree = BUILT_PRODUCTS_DIR;
		};
		C776171420E2219E002F56EC /* libRCTWebSocket.a */ = {
			isa = PBXReferenceProxy;
			fileType = archive.ar;
			path = libRCTWebSocket.a;
			remoteRef = C776171320E2219E002F56EC /* PBXContainerItemProxy */;
			sourceTree = BUILT_PRODUCTS_DIR;
		};
		C776171620E2219E002F56EC /* libRCTWebSocket-tvOS.a */ = {
			isa = PBXReferenceProxy;
			fileType = archive.ar;
			path = "libRCTWebSocket-tvOS.a";
			remoteRef = C776171520E2219E002F56EC /* PBXContainerItemProxy */;
			sourceTree = BUILT_PRODUCTS_DIR;
		};
		C776171820E2219E002F56EC /* libfishhook.a */ = {
			isa = PBXReferenceProxy;
			fileType = archive.ar;
			path = libfishhook.a;
			remoteRef = C776171720E2219E002F56EC /* PBXContainerItemProxy */;
			sourceTree = BUILT_PRODUCTS_DIR;
		};
		C776171A20E2219E002F56EC /* libfishhook-tvOS.a */ = {
			isa = PBXReferenceProxy;
			fileType = archive.ar;
			path = "libfishhook-tvOS.a";
			remoteRef = C776171920E2219E002F56EC /* PBXContainerItemProxy */;
			sourceTree = BUILT_PRODUCTS_DIR;
		};
		C776172120E221BD002F56EC /* libCodePush.a */ = {
			isa = PBXReferenceProxy;
			fileType = archive.ar;
			path = libCodePush.a;
			remoteRef = C776172020E221BD002F56EC /* PBXContainerItemProxy */;
			sourceTree = BUILT_PRODUCTS_DIR;
		};
		C776172320E221BD002F56EC /* libCodePush.a */ = {
			isa = PBXReferenceProxy;
			fileType = archive.ar;
			path = libCodePush.a;
			remoteRef = C776172220E221BD002F56EC /* PBXContainerItemProxy */;
			sourceTree = BUILT_PRODUCTS_DIR;
		};
		C776172B20E221D4002F56EC /* libRNSVG.a */ = {
			isa = PBXReferenceProxy;
			fileType = archive.ar;
			path = libRNSVG.a;
			remoteRef = C776172A20E221D4002F56EC /* PBXContainerItemProxy */;
			sourceTree = BUILT_PRODUCTS_DIR;
		};
		C776172D20E221D4002F56EC /* libRNSVG-tvOS.a */ = {
			isa = PBXReferenceProxy;
			fileType = archive.ar;
			path = "libRNSVG-tvOS.a";
			remoteRef = C776172C20E221D4002F56EC /* PBXContainerItemProxy */;
			sourceTree = BUILT_PRODUCTS_DIR;
		};
		C776173420E221E8002F56EC /* libRNDeviceInfo.a */ = {
			isa = PBXReferenceProxy;
			fileType = archive.ar;
			path = libRNDeviceInfo.a;
			remoteRef = C776173320E221E8002F56EC /* PBXContainerItemProxy */;
			sourceTree = BUILT_PRODUCTS_DIR;
		};
		C776173620E221E8002F56EC /* libRNDeviceInfo-tvOS.a */ = {
			isa = PBXReferenceProxy;
			fileType = archive.ar;
			path = "libRNDeviceInfo-tvOS.a";
			remoteRef = C776173520E221E8002F56EC /* PBXContainerItemProxy */;
			sourceTree = BUILT_PRODUCTS_DIR;
		};
/* End PBXReferenceProxy section */

/* Begin PBXResourcesBuildPhase section */
		C7A13E7B208091170063BC6F /* Resources */ = {
			isa = PBXResourcesBuildPhase;
			buildActionMask = 2147483647;
			files = (
				C7A13E90208091190063BC6F /* LaunchScreen.storyboard in Resources */,
				C7A13E8D208091190063BC6F /* Assets.xcassets in Resources */,
				C7A13E8B208091180063BC6F /* Main.storyboard in Resources */,
				C7A13F8F2084BED90063BC6F /* main.jsbundle in Resources */,
			);
			runOnlyForDeploymentPostprocessing = 0;
		};
/* End PBXResourcesBuildPhase section */

/* Begin PBXShellScriptBuildPhase section */
		C7A13F542080B86E0063BC6F /* ShellScript */ = {
			isa = PBXShellScriptBuildPhase;
			buildActionMask = 2147483647;
			files = (
			);
			inputPaths = (
			);
			outputPaths = (
			);
			runOnlyForDeploymentPostprocessing = 0;
			shellPath = /bin/sh;
			shellScript = "export NODE_BINARY=node\n../node_modules/react-native/scripts/react-native-xcode.sh";
		};
/* End PBXShellScriptBuildPhase section */

/* Begin PBXSourcesBuildPhase section */
		C7A13E79208091170063BC6F /* Sources */ = {
			isa = PBXSourcesBuildPhase;
			buildActionMask = 2147483647;
			files = (
				C7A13F572080D5B30063BC6F /* BuyTicketViewController.m in Sources */,
				C7A13E82208091180063BC6F /* AppDelegate.m in Sources */,
				C7A13F5A2080D60D0063BC6F /* OwnTicketsViewController.m in Sources */,
				C7A13E93208091190063BC6F /* main.m in Sources */,
			);
			runOnlyForDeploymentPostprocessing = 0;
		};
/* End PBXSourcesBuildPhase section */

/* Begin PBXVariantGroup section */
		C7A13E89208091180063BC6F /* Main.storyboard */ = {
			isa = PBXVariantGroup;
			children = (
				C7A13E8A208091180063BC6F /* Base */,
			);
			name = Main.storyboard;
			sourceTree = "<group>";
		};
		C7A13E8E208091190063BC6F /* LaunchScreen.storyboard */ = {
			isa = PBXVariantGroup;
			children = (
				C7A13E8F208091190063BC6F /* Base */,
			);
			name = LaunchScreen.storyboard;
			sourceTree = "<group>";
		};
/* End PBXVariantGroup section */

/* Begin XCBuildConfiguration section */
		C7A13E94208091190063BC6F /* Debug */ = {
			isa = XCBuildConfiguration;
			buildSettings = {
				ALWAYS_SEARCH_USER_PATHS = NO;
				CLANG_ANALYZER_NONNULL = YES;
				CLANG_ANALYZER_NUMBER_OBJECT_CONVERSION = YES_AGGRESSIVE;
				CLANG_CXX_LANGUAGE_STANDARD = "gnu++14";
				CLANG_CXX_LIBRARY = "libc++";
				CLANG_ENABLE_MODULES = YES;
				CLANG_ENABLE_OBJC_ARC = YES;
				CLANG_ENABLE_OBJC_WEAK = YES;
				CLANG_WARN_BLOCK_CAPTURE_AUTORELEASING = YES;
				CLANG_WARN_BOOL_CONVERSION = YES;
				CLANG_WARN_COMMA = YES;
				CLANG_WARN_CONSTANT_CONVERSION = YES;
				CLANG_WARN_DEPRECATED_OBJC_IMPLEMENTATIONS = YES;
				CLANG_WARN_DIRECT_OBJC_ISA_USAGE = YES_ERROR;
				CLANG_WARN_DOCUMENTATION_COMMENTS = YES;
				CLANG_WARN_EMPTY_BODY = YES;
				CLANG_WARN_ENUM_CONVERSION = YES;
				CLANG_WARN_INFINITE_RECURSION = YES;
				CLANG_WARN_INT_CONVERSION = YES;
				CLANG_WARN_NON_LITERAL_NULL_CONVERSION = YES;
				CLANG_WARN_OBJC_IMPLICIT_RETAIN_SELF = YES;
				CLANG_WARN_OBJC_LITERAL_CONVERSION = YES;
				CLANG_WARN_OBJC_ROOT_CLASS = YES_ERROR;
				CLANG_WARN_RANGE_LOOP_ANALYSIS = YES;
				CLANG_WARN_STRICT_PROTOTYPES = YES;
				CLANG_WARN_SUSPICIOUS_MOVE = YES;
				CLANG_WARN_UNGUARDED_AVAILABILITY = YES_AGGRESSIVE;
				CLANG_WARN_UNREACHABLE_CODE = YES;
				CLANG_WARN__DUPLICATE_METHOD_MATCH = YES;
				CODE_SIGN_IDENTITY = "iPhone Developer";
				COPY_PHASE_STRIP = NO;
				DEBUG_INFORMATION_FORMAT = dwarf;
				ENABLE_STRICT_OBJC_MSGSEND = YES;
				ENABLE_TESTABILITY = YES;
				GCC_C_LANGUAGE_STANDARD = gnu11;
				GCC_DYNAMIC_NO_PIC = NO;
				GCC_NO_COMMON_BLOCKS = YES;
				GCC_OPTIMIZATION_LEVEL = 0;
				GCC_PREPROCESSOR_DEFINITIONS = (
					"DEBUG=1",
					"$(inherited)",
				);
				GCC_WARN_64_TO_32_BIT_CONVERSION = YES;
				GCC_WARN_ABOUT_RETURN_TYPE = YES_ERROR;
				GCC_WARN_UNDECLARED_SELECTOR = YES;
				GCC_WARN_UNINITIALIZED_AUTOS = YES_AGGRESSIVE;
				GCC_WARN_UNUSED_FUNCTION = YES;
				GCC_WARN_UNUSED_VARIABLE = YES;
				IPHONEOS_DEPLOYMENT_TARGET = 11.3;
				MTL_ENABLE_DEBUG_INFO = YES;
				ONLY_ACTIVE_ARCH = YES;
				SDKROOT = iphoneos;
			};
			name = Debug;
		};
		C7A13E95208091190063BC6F /* Release */ = {
			isa = XCBuildConfiguration;
			buildSettings = {
				ALWAYS_SEARCH_USER_PATHS = NO;
				CLANG_ANALYZER_NONNULL = YES;
				CLANG_ANALYZER_NUMBER_OBJECT_CONVERSION = YES_AGGRESSIVE;
				CLANG_CXX_LANGUAGE_STANDARD = "gnu++14";
				CLANG_CXX_LIBRARY = "libc++";
				CLANG_ENABLE_MODULES = YES;
				CLANG_ENABLE_OBJC_ARC = YES;
				CLANG_ENABLE_OBJC_WEAK = YES;
				CLANG_WARN_BLOCK_CAPTURE_AUTORELEASING = YES;
				CLANG_WARN_BOOL_CONVERSION = YES;
				CLANG_WARN_COMMA = YES;
				CLANG_WARN_CONSTANT_CONVERSION = YES;
				CLANG_WARN_DEPRECATED_OBJC_IMPLEMENTATIONS = YES;
				CLANG_WARN_DIRECT_OBJC_ISA_USAGE = YES_ERROR;
				CLANG_WARN_DOCUMENTATION_COMMENTS = YES;
				CLANG_WARN_EMPTY_BODY = YES;
				CLANG_WARN_ENUM_CONVERSION = YES;
				CLANG_WARN_INFINITE_RECURSION = YES;
				CLANG_WARN_INT_CONVERSION = YES;
				CLANG_WARN_NON_LITERAL_NULL_CONVERSION = YES;
				CLANG_WARN_OBJC_IMPLICIT_RETAIN_SELF = YES;
				CLANG_WARN_OBJC_LITERAL_CONVERSION = YES;
				CLANG_WARN_OBJC_ROOT_CLASS = YES_ERROR;
				CLANG_WARN_RANGE_LOOP_ANALYSIS = YES;
				CLANG_WARN_STRICT_PROTOTYPES = YES;
				CLANG_WARN_SUSPICIOUS_MOVE = YES;
				CLANG_WARN_UNGUARDED_AVAILABILITY = YES_AGGRESSIVE;
				CLANG_WARN_UNREACHABLE_CODE = YES;
				CLANG_WARN__DUPLICATE_METHOD_MATCH = YES;
				CODE_SIGN_IDENTITY = "iPhone Developer";
				COPY_PHASE_STRIP = NO;
				DEBUG_INFORMATION_FORMAT = "dwarf-with-dsym";
				ENABLE_NS_ASSERTIONS = NO;
				ENABLE_STRICT_OBJC_MSGSEND = YES;
				GCC_C_LANGUAGE_STANDARD = gnu11;
				GCC_NO_COMMON_BLOCKS = YES;
				GCC_WARN_64_TO_32_BIT_CONVERSION = YES;
				GCC_WARN_ABOUT_RETURN_TYPE = YES_ERROR;
				GCC_WARN_UNDECLARED_SELECTOR = YES;
				GCC_WARN_UNINITIALIZED_AUTOS = YES_AGGRESSIVE;
				GCC_WARN_UNUSED_FUNCTION = YES;
				GCC_WARN_UNUSED_VARIABLE = YES;
				IPHONEOS_DEPLOYMENT_TARGET = 11.3;
				MTL_ENABLE_DEBUG_INFO = NO;
				SDKROOT = iphoneos;
				VALIDATE_PRODUCT = YES;
			};
			name = Release;
		};
		C7A13E97208091190063BC6F /* Debug */ = {
			isa = XCBuildConfiguration;
			buildSettings = {
				ASSETCATALOG_COMPILER_APPICON_NAME = AppIcon;
				CODE_SIGN_STYLE = Automatic;
				HEADER_SEARCH_PATHS = (
					"$(inherited)",
					"$(SRCROOT)/../node_modules/react-native-code-push/ios/CodePush",
					"$(SRCROOT)/../node_modules/react-native-svg/ios",
					"$(SRCROOT)/../node_modules/react-native-device-info/ios/RNDeviceInfo",
				);
				INFOPLIST_FILE = "example-app-ios/Info.plist";
				LD_RUNPATH_SEARCH_PATHS = (
					"$(inherited)",
					"@executable_path/Frameworks",
				);
				OTHER_LDFLAGS = (
					"$(inherited)",
					"-ObjC",
					"-lc++",
				);
				PRODUCT_BUNDLE_IDENTIFIER = "com.hsl-openmaas.example-app-ios";
				PRODUCT_NAME = "$(TARGET_NAME)";
				TARGETED_DEVICE_FAMILY = "1,2";
			};
			name = Debug;
		};
		C7A13E98208091190063BC6F /* Release */ = {
			isa = XCBuildConfiguration;
			buildSettings = {
				ASSETCATALOG_COMPILER_APPICON_NAME = AppIcon;
				CODE_SIGN_STYLE = Automatic;
				HEADER_SEARCH_PATHS = (
					"$(inherited)",
					"$(SRCROOT)/../node_modules/react-native-code-push/ios/CodePush",
					"$(SRCROOT)/../node_modules/react-native-svg/ios",
					"$(SRCROOT)/../node_modules/react-native-device-info/ios/RNDeviceInfo",
				);
				INFOPLIST_FILE = "example-app-ios/Info.plist";
				LD_RUNPATH_SEARCH_PATHS = (
					"$(inherited)",
					"@executable_path/Frameworks",
				);
				OTHER_LDFLAGS = (
					"$(inherited)",
					"-ObjC",
					"-lc++",
				);
				PRODUCT_BUNDLE_IDENTIFIER = "com.hsl-openmaas.example-app-ios";
				PRODUCT_NAME = "$(TARGET_NAME)";
				TARGETED_DEVICE_FAMILY = "1,2";
			};
			name = Release;
		};
/* End XCBuildConfiguration section */

/* Begin XCConfigurationList section */
		C7A13E78208091170063BC6F /* Build configuration list for PBXProject "example-app-ios" */ = {
			isa = XCConfigurationList;
			buildConfigurations = (
				C7A13E94208091190063BC6F /* Debug */,
				C7A13E95208091190063BC6F /* Release */,
			);
			defaultConfigurationIsVisible = 0;
			defaultConfigurationName = Release;
		};
		C7A13E96208091190063BC6F /* Build configuration list for PBXNativeTarget "example-app-ios" */ = {
			isa = XCConfigurationList;
			buildConfigurations = (
				C7A13E97208091190063BC6F /* Debug */,
				C7A13E98208091190063BC6F /* Release */,
			);
			defaultConfigurationIsVisible = 0;
			defaultConfigurationName = Release;
		};
/* End XCConfigurationList section */
	};
	rootObject = C7A13E75208091170063BC6F /* Project object */;
}
